
Microsoft Visual Studio Solution File, Format Version 12.00
# Visual Studio Version 17
VisualStudioVersion = 17.4.33213.308
MinimumVisualStudioVersion = 10.0.40219.1
Project("{2150E333-8FDC-42A3-9474-1A3956D46DE8}") = "ch1", "ch1", "{12E47310-4A5A-447F-878A-6D7868F32EA3}"
EndProject
Project("{2150E333-8FDC-42A3-9474-1A3956D46DE8}") = "task_1_1", "task_1_1", "{31D6F074-089F-423C-BFBA-1F18BBE447CD}"
EndProject
Project("{2150E333-8FDC-42A3-9474-1A3956D46DE8}") = "task_1_2", "task_1_2", "{7A075161-32C4-49E4-9B75-E94F53AE473D}"
EndProject
Project("{9A19103F-16F7-4668-BE54-9A1E7A4F7556}") = "task_1_2", "task_1_2\task_1_2.csproj", "{19BC0ABB-5231-4DB3-AA26-886A3EA6B131}"
EndProject
Project("{9A19103F-16F7-4668-BE54-9A1E7A4F7556}") = "task_1_1", "task_1_1\task_1_1.csproj", "{5C9E37F3-B54F-4660-B6EC-CF848583E9CA}"
EndProject
Project("{2150E333-8FDC-42A3-9474-1A3956D46DE8}") = "userInputFunctions", "userInputFunctions", "{CCA886B3-626F-40E3-9437-5932B35A4545}"
EndProject
Project("{9A19103F-16F7-4668-BE54-9A1E7A4F7556}") = "UserInputFunctions", "UserInputFunctions\UserInputFunctions.csproj", "{38CB6B72-DE69-4C81-B0ED-E167EDFD4E7D}"
EndProject
Project("{9A19103F-16F7-4668-BE54-9A1E7A4F7556}") = "task1_5", "task1_5\task1_5.csproj", "{A288A9F7-C4D5-467E-BF51-5B5FE3D4DA37}"
EndProject
Project("{2150E333-8FDC-42A3-9474-1A3956D46DE8}") = "task_1_9", "task_1_9", "{422D978F-10D7-4CE0-AC1D-BC1E345AA6B8}"
EndProject
Project("{9A19103F-16F7-4668-BE54-9A1E7A4F7556}") = "task_1_9", "task_1_9\task_1_9.csproj", "{FB722398-7B3A-4DCD-A2F1-69086DA6F916}"
EndProject
Project("{2150E333-8FDC-42A3-9474-1A3956D46DE8}") = "task_1_8", "task_1_8", "{FA23D6CF-D2A0-41A1-B66E-16717291D0F1}"
EndProject
Project("{FAE04EC0-301F-11D3-BF4B-00C04F79EFBC}") = "task_1_8", "task_1_8\task_1_8.csproj", "{58E68412-4DE9-4BB4-87E2-B9CA9E0B0C36}"
EndProject
Global
	GlobalSection(SolutionConfigurationPlatforms) = preSolution
		Debug|Any CPU = Debug|Any CPU
		Release|Any CPU = Release|Any CPU
	EndGlobalSection
	GlobalSection(ProjectConfigurationPlatforms) = postSolution
		{19BC0ABB-5231-4DB3-AA26-886A3EA6B131}.Debug|Any CPU.ActiveCfg = Debug|Any CPU
		{19BC0ABB-5231-4DB3-AA26-886A3EA6B131}.Debug|Any CPU.Build.0 = Debug|Any CPU
		{19BC0ABB-5231-4DB3-AA26-886A3EA6B131}.Release|Any CPU.ActiveCfg = Release|Any CPU
		{19BC0ABB-5231-4DB3-AA26-886A3EA6B131}.Release|Any CPU.Build.0 = Release|Any CPU
		{5C9E37F3-B54F-4660-B6EC-CF848583E9CA}.Debug|Any CPU.ActiveCfg = Debug|Any CPU
		{5C9E37F3-B54F-4660-B6EC-CF848583E9CA}.Debug|Any CPU.Build.0 = Debug|Any CPU
		{5C9E37F3-B54F-4660-B6EC-CF848583E9CA}.Release|Any CPU.ActiveCfg = Release|Any CPU
		{5C9E37F3-B54F-4660-B6EC-CF848583E9CA}.Release|Any CPU.Build.0 = Release|Any CPU
		{38CB6B72-DE69-4C81-B0ED-E167EDFD4E7D}.Debug|Any CPU.ActiveCfg = Debug|Any CPU
		{38CB6B72-DE69-4C81-B0ED-E167EDFD4E7D}.Debug|Any CPU.Build.0 = Debug|Any CPU
		{38CB6B72-DE69-4C81-B0ED-E167EDFD4E7D}.Release|Any CPU.ActiveCfg = Release|Any CPU
		{38CB6B72-DE69-4C81-B0ED-E167EDFD4E7D}.Release|Any CPU.Build.0 = Release|Any CPU
		{A288A9F7-C4D5-467E-BF51-5B5FE3D4DA37}.Debug|Any CPU.ActiveCfg = Debug|Any CPU
		{A288A9F7-C4D5-467E-BF51-5B5FE3D4DA37}.Debug|Any CPU.Build.0 = Debug|Any CPU
		{A288A9F7-C4D5-467E-BF51-5B5FE3D4DA37}.Release|Any CPU.ActiveCfg = Release|Any CPU
		{A288A9F7-C4D5-467E-BF51-5B5FE3D4DA37}.Release|Any CPU.Build.0 = Release|Any CPU
		{FB722398-7B3A-4DCD-A2F1-69086DA6F916}.Debug|Any CPU.ActiveCfg = Debug|Any CPU
		{FB722398-7B3A-4DCD-A2F1-69086DA6F916}.Debug|Any CPU.Build.0 = Debug|Any CPU
		{FB722398-7B3A-4DCD-A2F1-69086DA6F916}.Release|Any CPU.ActiveCfg = Release|Any CPU
		{FB722398-7B3A-4DCD-A2F1-69086DA6F916}.Release|Any CPU.Build.0 = Release|Any CPU
		{58E68412-4DE9-4BB4-87E2-B9CA9E0B0C36}.Debug|Any CPU.ActiveCfg = Debug|Any CPU
		{58E68412-4DE9-4BB4-87E2-B9CA9E0B0C36}.Debug|Any CPU.Build.0 = Debug|Any CPU
		{58E68412-4DE9-4BB4-87E2-B9CA9E0B0C36}.Release|Any CPU.ActiveCfg = Release|Any CPU
		{58E68412-4DE9-4BB4-87E2-B9CA9E0B0C36}.Release|Any CPU.Build.0 = Release|Any CPU
	EndGlobalSection
	GlobalSection(SolutionProperties) = preSolution
		HideSolutionNode = FALSE
	EndGlobalSection
	GlobalSection(NestedProjects) = preSolution
		{31D6F074-089F-423C-BFBA-1F18BBE447CD} = {12E47310-4A5A-447F-878A-6D7868F32EA3}
		{7A075161-32C4-49E4-9B75-E94F53AE473D} = {12E47310-4A5A-447F-878A-6D7868F32EA3}
		{19BC0ABB-5231-4DB3-AA26-886A3EA6B131} = {7A075161-32C4-49E4-9B75-E94F53AE473D}
		{5C9E37F3-B54F-4660-B6EC-CF848583E9CA} = {31D6F074-089F-423C-BFBA-1F18BBE447CD}
		{38CB6B72-DE69-4C81-B0ED-E167EDFD4E7D} = {CCA886B3-626F-40E3-9437-5932B35A4545}
		{A288A9F7-C4D5-467E-BF51-5B5FE3D4DA37} = {12E47310-4A5A-447F-878A-6D7868F32EA3}
		{422D978F-10D7-4CE0-AC1D-BC1E345AA6B8} = {12E47310-4A5A-447F-878A-6D7868F32EA3}
		{FB722398-7B3A-4DCD-A2F1-69086DA6F916} = {422D978F-10D7-4CE0-AC1D-BC1E345AA6B8}
		{FA23D6CF-D2A0-41A1-B66E-16717291D0F1} = {12E47310-4A5A-447F-878A-6D7868F32EA3}
		{58E68412-4DE9-4BB4-87E2-B9CA9E0B0C36} = {FA23D6CF-D2A0-41A1-B66E-16717291D0F1}
	EndGlobalSection
	GlobalSection(ExtensibilityGlobals) = postSolution
		SolutionGuid = {8D492B51-AAE4-406F-B11C-302F29B7AE05}
	EndGlobalSection
EndGlobal
