
Microsoft Visual Studio Solution File, Format Version 12.00
# Visual Studio Version 17
VisualStudioVersion = 17.4.33213.308
MinimumVisualStudioVersion = 10.0.40219.1
Project("{2150E333-8FDC-42A3-9474-1A3956D46DE8}") = "ch1", "ch1", "{12E47310-4A5A-447F-878A-6D7868F32EA3}"
EndProject
Project("{2150E333-8FDC-42A3-9474-1A3956D46DE8}") = "task_1_1", "task_1_1", "{31D6F074-089F-423C-BFBA-1F18BBE447CD}"
EndProject
Project("{2150E333-8FDC-42A3-9474-1A3956D46DE8}") = "task_1_2", "task_1_2", "{7A075161-32C4-49E4-9B75-E94F53AE473D}"
EndProject
Project("{9A19103F-16F7-4668-BE54-9A1E7A4F7556}") = "task_1_2", "task_1_2\task_1_2.csproj", "{19BC0ABB-5231-4DB3-AA26-886A3EA6B131}"
EndProject
Project("{9A19103F-16F7-4668-BE54-9A1E7A4F7556}") = "task_1_1", "task_1_1\task_1_1.csproj", "{5C9E37F3-B54F-4660-B6EC-CF848583E9CA}"
EndProject
Project("{2150E333-8FDC-42A3-9474-1A3956D46DE8}") = "userInputFunctions", "userInputFunctions", "{CCA886B3-626F-40E3-9437-5932B35A4545}"
EndProject
Project("{9A19103F-16F7-4668-BE54-9A1E7A4F7556}") = "UserInputFunctions", "UserInputFunctions\UserInputFunctions.csproj", "{38CB6B72-DE69-4C81-B0ED-E167EDFD4E7D}"
EndProject
Project("{9A19103F-16F7-4668-BE54-9A1E7A4F7556}") = "task1_5", "task1_5\task1_5.csproj", "{A288A9F7-C4D5-467E-BF51-5B5FE3D4DA37}"
EndProject
Project("{2150E333-8FDC-42A3-9474-1A3956D46DE8}") = "task_1_9", "task_1_9", "{422D978F-10D7-4CE0-AC1D-BC1E345AA6B8}"
EndProject
Project("{9A19103F-16F7-4668-BE54-9A1E7A4F7556}") = "task_1_9", "task_1_9\task_1_9.csproj", "{FB722398-7B3A-4DCD-A2F1-69086DA6F916}"
EndProject
Project("{2150E333-8FDC-42A3-9474-1A3956D46DE8}") = "task_1_8", "task_1_8", "{FA23D6CF-D2A0-41A1-B66E-16717291D0F1}"
EndProject
Project("{9A19103F-16F7-4668-BE54-9A1E7A4F7556}") = "task_1_8", "task_1_8\task_1_8.csproj", "{58E68412-4DE9-4BB4-87E2-B9CA9E0B0C36}"
EndProject
Project("{2150E333-8FDC-42A3-9474-1A3956D46DE8}") = "task_1_5", "task_1_5", "{98E21FE7-ADBC-43A7-8EF4-02E2239226E8}"
EndProject
Project("{2150E333-8FDC-42A3-9474-1A3956D46DE8}") = "task_1_6", "task_1_6", "{9BD8C1AD-9C10-4E8F-8FDB-FE8F450D4C54}"
EndProject
Project("{FAE04EC0-301F-11D3-BF4B-00C04F79EFBC}") = "task_1_6", "task_1_6\task_1_6.csproj", "{66625A5E-3E14-4C42-AE54-E92FE28682FD}"
EndProject
Project("{2150E333-8FDC-42A3-9474-1A3956D46DE8}") = "ch2", "ch2", "{8A3B6686-8001-4366-81CE-DA8E08FFCED6}"
EndProject
Project("{2150E333-8FDC-42A3-9474-1A3956D46DE8}") = "task_2_2", "task_2_2", "{F835941B-515C-4046-A0A9-A36C3EE1BCF1}"
EndProject
Project("{FAE04EC0-301F-11D3-BF4B-00C04F79EFBC}") = "task_2_2", "task_2_2\task_2_2.csproj", "{AECA87C3-B647-45A6-96A0-B714C4D772B5}"
EndProject
Project("{2150E333-8FDC-42A3-9474-1A3956D46DE8}") = "task_2_6", "task_2_6", "{99C47AD8-2B63-425D-9A7E-512E4D717817}"
EndProject
Project("{FAE04EC0-301F-11D3-BF4B-00C04F79EFBC}") = "task_2_6", "task_2_6\task_2_6.csproj", "{6AB0A47C-A69D-4FC1-A373-BAA9FA7E3D6D}"
EndProject
Project("{2150E333-8FDC-42A3-9474-1A3956D46DE8}") = "task_2_4", "task_2_4", "{506B6995-1A01-4084-8B95-A6A55EAD1C52}"
EndProject
Project("{FAE04EC0-301F-11D3-BF4B-00C04F79EFBC}") = "task_2_4", "task_2_4\task_2_4.csproj", "{C3D0ABAD-1DE2-4113-9FF7-3D892AA5BB33}"
EndProject
Project("{2150E333-8FDC-42A3-9474-1A3956D46DE8}") = "task_2_7", "task_2_7", "{1FF83C82-9AB3-4F1B-A812-6F2B770B6E2F}"
EndProject
Project("{FAE04EC0-301F-11D3-BF4B-00C04F79EFBC}") = "task_2_7", "task_2_7\task_2_7.csproj", "{EAE1AC25-8EA0-45FB-9555-43F638D5A586}"
EndProject
Global
	GlobalSection(SolutionConfigurationPlatforms) = preSolution
		Debug|Any CPU = Debug|Any CPU
		Release|Any CPU = Release|Any CPU
	EndGlobalSection
	GlobalSection(ProjectConfigurationPlatforms) = postSolution
		{19BC0ABB-5231-4DB3-AA26-886A3EA6B131}.Debug|Any CPU.ActiveCfg = Debug|Any CPU
		{19BC0ABB-5231-4DB3-AA26-886A3EA6B131}.Debug|Any CPU.Build.0 = Debug|Any CPU
		{19BC0ABB-5231-4DB3-AA26-886A3EA6B131}.Release|Any CPU.ActiveCfg = Release|Any CPU
		{19BC0ABB-5231-4DB3-AA26-886A3EA6B131}.Release|Any CPU.Build.0 = Release|Any CPU
		{5C9E37F3-B54F-4660-B6EC-CF848583E9CA}.Debug|Any CPU.ActiveCfg = Debug|Any CPU
		{5C9E37F3-B54F-4660-B6EC-CF848583E9CA}.Debug|Any CPU.Build.0 = Debug|Any CPU
		{5C9E37F3-B54F-4660-B6EC-CF848583E9CA}.Release|Any CPU.ActiveCfg = Release|Any CPU
		{5C9E37F3-B54F-4660-B6EC-CF848583E9CA}.Release|Any CPU.Build.0 = Release|Any CPU
		{38CB6B72-DE69-4C81-B0ED-E167EDFD4E7D}.Debug|Any CPU.ActiveCfg = Debug|Any CPU
		{38CB6B72-DE69-4C81-B0ED-E167EDFD4E7D}.Debug|Any CPU.Build.0 = Debug|Any CPU
		{38CB6B72-DE69-4C81-B0ED-E167EDFD4E7D}.Release|Any CPU.ActiveCfg = Release|Any CPU
		{38CB6B72-DE69-4C81-B0ED-E167EDFD4E7D}.Release|Any CPU.Build.0 = Release|Any CPU
		{A288A9F7-C4D5-467E-BF51-5B5FE3D4DA37}.Debug|Any CPU.ActiveCfg = Debug|Any CPU
		{A288A9F7-C4D5-467E-BF51-5B5FE3D4DA37}.Debug|Any CPU.Build.0 = Debug|Any CPU
		{A288A9F7-C4D5-467E-BF51-5B5FE3D4DA37}.Release|Any CPU.ActiveCfg = Release|Any CPU
		{A288A9F7-C4D5-467E-BF51-5B5FE3D4DA37}.Release|Any CPU.Build.0 = Release|Any CPU
		{FB722398-7B3A-4DCD-A2F1-69086DA6F916}.Debug|Any CPU.ActiveCfg = Debug|Any CPU
		{FB722398-7B3A-4DCD-A2F1-69086DA6F916}.Debug|Any CPU.Build.0 = Debug|Any CPU
		{FB722398-7B3A-4DCD-A2F1-69086DA6F916}.Release|Any CPU.ActiveCfg = Release|Any CPU
		{FB722398-7B3A-4DCD-A2F1-69086DA6F916}.Release|Any CPU.Build.0 = Release|Any CPU
		{58E68412-4DE9-4BB4-87E2-B9CA9E0B0C36}.Debug|Any CPU.ActiveCfg = Debug|Any CPU
		{58E68412-4DE9-4BB4-87E2-B9CA9E0B0C36}.Debug|Any CPU.Build.0 = Debug|Any CPU
		{58E68412-4DE9-4BB4-87E2-B9CA9E0B0C36}.Release|Any CPU.ActiveCfg = Release|Any CPU
		{58E68412-4DE9-4BB4-87E2-B9CA9E0B0C36}.Release|Any CPU.Build.0 = Release|Any CPU
		{66625A5E-3E14-4C42-AE54-E92FE28682FD}.Debug|Any CPU.ActiveCfg = Debug|Any CPU
		{66625A5E-3E14-4C42-AE54-E92FE28682FD}.Debug|Any CPU.Build.0 = Debug|Any CPU
		{66625A5E-3E14-4C42-AE54-E92FE28682FD}.Release|Any CPU.ActiveCfg = Release|Any CPU
		{66625A5E-3E14-4C42-AE54-E92FE28682FD}.Release|Any CPU.Build.0 = Release|Any CPU
		{AECA87C3-B647-45A6-96A0-B714C4D772B5}.Debug|Any CPU.ActiveCfg = Debug|Any CPU
		{AECA87C3-B647-45A6-96A0-B714C4D772B5}.Debug|Any CPU.Build.0 = Debug|Any CPU
		{AECA87C3-B647-45A6-96A0-B714C4D772B5}.Release|Any CPU.ActiveCfg = Release|Any CPU
		{AECA87C3-B647-45A6-96A0-B714C4D772B5}.Release|Any CPU.Build.0 = Release|Any CPU
		{6AB0A47C-A69D-4FC1-A373-BAA9FA7E3D6D}.Debug|Any CPU.ActiveCfg = Debug|Any CPU
		{6AB0A47C-A69D-4FC1-A373-BAA9FA7E3D6D}.Debug|Any CPU.Build.0 = Debug|Any CPU
		{6AB0A47C-A69D-4FC1-A373-BAA9FA7E3D6D}.Release|Any CPU.ActiveCfg = Release|Any CPU
		{6AB0A47C-A69D-4FC1-A373-BAA9FA7E3D6D}.Release|Any CPU.Build.0 = Release|Any CPU
		{C3D0ABAD-1DE2-4113-9FF7-3D892AA5BB33}.Debug|Any CPU.ActiveCfg = Debug|Any CPU
		{C3D0ABAD-1DE2-4113-9FF7-3D892AA5BB33}.Debug|Any CPU.Build.0 = Debug|Any CPU
		{C3D0ABAD-1DE2-4113-9FF7-3D892AA5BB33}.Release|Any CPU.ActiveCfg = Release|Any CPU
		{C3D0ABAD-1DE2-4113-9FF7-3D892AA5BB33}.Release|Any CPU.Build.0 = Release|Any CPU
		{EAE1AC25-8EA0-45FB-9555-43F638D5A586}.Debug|Any CPU.ActiveCfg = Debug|Any CPU
		{EAE1AC25-8EA0-45FB-9555-43F638D5A586}.Debug|Any CPU.Build.0 = Debug|Any CPU
		{EAE1AC25-8EA0-45FB-9555-43F638D5A586}.Release|Any CPU.ActiveCfg = Release|Any CPU
		{EAE1AC25-8EA0-45FB-9555-43F638D5A586}.Release|Any CPU.Build.0 = Release|Any CPU
	EndGlobalSection
	GlobalSection(SolutionProperties) = preSolution
		HideSolutionNode = FALSE
	EndGlobalSection
	GlobalSection(NestedProjects) = preSolution
		{31D6F074-089F-423C-BFBA-1F18BBE447CD} = {12E47310-4A5A-447F-878A-6D7868F32EA3}
		{7A075161-32C4-49E4-9B75-E94F53AE473D} = {12E47310-4A5A-447F-878A-6D7868F32EA3}
		{19BC0ABB-5231-4DB3-AA26-886A3EA6B131} = {7A075161-32C4-49E4-9B75-E94F53AE473D}
		{5C9E37F3-B54F-4660-B6EC-CF848583E9CA} = {31D6F074-089F-423C-BFBA-1F18BBE447CD}
		{38CB6B72-DE69-4C81-B0ED-E167EDFD4E7D} = {CCA886B3-626F-40E3-9437-5932B35A4545}
		{A288A9F7-C4D5-467E-BF51-5B5FE3D4DA37} = {98E21FE7-ADBC-43A7-8EF4-02E2239226E8}
		{422D978F-10D7-4CE0-AC1D-BC1E345AA6B8} = {12E47310-4A5A-447F-878A-6D7868F32EA3}
		{FB722398-7B3A-4DCD-A2F1-69086DA6F916} = {422D978F-10D7-4CE0-AC1D-BC1E345AA6B8}
		{FA23D6CF-D2A0-41A1-B66E-16717291D0F1} = {12E47310-4A5A-447F-878A-6D7868F32EA3}
		{58E68412-4DE9-4BB4-87E2-B9CA9E0B0C36} = {FA23D6CF-D2A0-41A1-B66E-16717291D0F1}
		{98E21FE7-ADBC-43A7-8EF4-02E2239226E8} = {12E47310-4A5A-447F-878A-6D7868F32EA3}
		{9BD8C1AD-9C10-4E8F-8FDB-FE8F450D4C54} = {12E47310-4A5A-447F-878A-6D7868F32EA3}
		{66625A5E-3E14-4C42-AE54-E92FE28682FD} = {9BD8C1AD-9C10-4E8F-8FDB-FE8F450D4C54}
		{F835941B-515C-4046-A0A9-A36C3EE1BCF1} = {8A3B6686-8001-4366-81CE-DA8E08FFCED6}
		{AECA87C3-B647-45A6-96A0-B714C4D772B5} = {F835941B-515C-4046-A0A9-A36C3EE1BCF1}
		{99C47AD8-2B63-425D-9A7E-512E4D717817} = {8A3B6686-8001-4366-81CE-DA8E08FFCED6}
		{6AB0A47C-A69D-4FC1-A373-BAA9FA7E3D6D} = {99C47AD8-2B63-425D-9A7E-512E4D717817}
		{506B6995-1A01-4084-8B95-A6A55EAD1C52} = {8A3B6686-8001-4366-81CE-DA8E08FFCED6}
		{C3D0ABAD-1DE2-4113-9FF7-3D892AA5BB33} = {506B6995-1A01-4084-8B95-A6A55EAD1C52}
		{1FF83C82-9AB3-4F1B-A812-6F2B770B6E2F} = {8A3B6686-8001-4366-81CE-DA8E08FFCED6}
		{EAE1AC25-8EA0-45FB-9555-43F638D5A586} = {1FF83C82-9AB3-4F1B-A812-6F2B770B6E2F}
	EndGlobalSection
	GlobalSection(ExtensibilityGlobals) = postSolution
		SolutionGuid = {8D492B51-AAE4-406F-B11C-302F29B7AE05}
	EndGlobalSection
EndGlobal
